version: 1.0
shards:
  ctx:
    github: z64/ctx
    commit: bf8df99a3f5afc0861550ec5b6ff88aef8613241

  discordcr:
    github: meew0/discordcr
    commit: 412590eb3f94f85151d800933f70ffa672d62504

  dotenv:
    github: gdotdesign/cr-dotenv
    commit: 341678090110cdb5436f75cc796c785ed392c4be

  rethinkdb:
    github: MagnificentPako/rethinkdb.cr
    commit: 88953d6e41a757cf15c55e17e01e7e7b0d1e4aa5

